
Microsoft Visual Studio Solution File, Format Version 12.00
# Visual Studio Version 17
VisualStudioVersion = 17.8.34408.163
MinimumVisualStudioVersion = 10.0.40219.1
Project("{FAE04EC0-301F-11D3-BF4B-00C04F79EFBC}") = "cat.itb.M6UF2EA1", "cat.itb.M6UF2EA1\cat.itb.M6UF2EA1.csproj", "{A2DD3F36-FF54-4A1B-A02A-A4EC30A55A28}"
EndProject
Global
	GlobalSection(SolutionConfigurationPlatforms) = preSolution
		Debug|Any CPU = Debug|Any CPU
		Release|Any CPU = Release|Any CPU
	EndGlobalSection
	GlobalSection(ProjectConfigurationPlatforms) = postSolution
		{A2DD3F36-FF54-4A1B-A02A-A4EC30A55A28}.Debug|Any CPU.ActiveCfg = Debug|Any CPU
		{A2DD3F36-FF54-4A1B-A02A-A4EC30A55A28}.Debug|Any CPU.Build.0 = Debug|Any CPU
		{A2DD3F36-FF54-4A1B-A02A-A4EC30A55A28}.Release|Any CPU.ActiveCfg = Release|Any CPU
		{A2DD3F36-FF54-4A1B-A02A-A4EC30A55A28}.Release|Any CPU.Build.0 = Release|Any CPU
	EndGlobalSection
	GlobalSection(SolutionProperties) = preSolution
		HideSolutionNode = FALSE
	EndGlobalSection
	GlobalSection(ExtensibilityGlobals) = postSolution
		SolutionGuid = {A031A79A-B5B0-4BAC-B33B-FF6E94B99C25}
	EndGlobalSection
EndGlobal
